
Microsoft Visual Studio Solution File, Format Version 12.00
# Visual Studio Version 17
VisualStudioVersion = 17.5.33414.496
MinimumVisualStudioVersion = 10.0.40219.1
Project("{FAE04EC0-301F-11D3-BF4B-00C04F79EFBC}") = "WebApp_OOPConcepts", "WebApp_OOPConcepts\WebApp_OOPConcepts.csproj", "{B7B34F14-ED0A-4D90-8CFF-C7C9A3F8835A}"
EndProject
Global
	GlobalSection(SolutionConfigurationPlatforms) = preSolution
		Debug|Any CPU = Debug|Any CPU
		Release|Any CPU = Release|Any CPU
	EndGlobalSection
	GlobalSection(ProjectConfigurationPlatforms) = postSolution
		{B7B34F14-ED0A-4D90-8CFF-C7C9A3F8835A}.Debug|Any CPU.ActiveCfg = Debug|Any CPU
		{B7B34F14-ED0A-4D90-8CFF-C7C9A3F8835A}.Debug|Any CPU.Build.0 = Debug|Any CPU
		{B7B34F14-ED0A-4D90-8CFF-C7C9A3F8835A}.Release|Any CPU.ActiveCfg = Release|Any CPU
		{B7B34F14-ED0A-4D90-8CFF-C7C9A3F8835A}.Release|Any CPU.Build.0 = Release|Any CPU
	EndGlobalSection
	GlobalSection(SolutionProperties) = preSolution
		HideSolutionNode = FALSE
	EndGlobalSection
	GlobalSection(ExtensibilityGlobals) = postSolution
		SolutionGuid = {D6563031-A533-4431-81A1-39A2BEA4B87A}
	EndGlobalSection
EndGlobal
